
Microsoft Visual Studio Solution File, Format Version 12.00
# Visual Studio Version 17
VisualStudioVersion = 17.8.34316.72
MinimumVisualStudioVersion = 10.0.40219.1
Project("{FAE04EC0-301F-11D3-BF4B-00C04F79EFBC}") = "HealthCareApp1", "HealthCareApp1\HealthCareApp1.csproj", "{CEE755AE-96CC-4AF1-8D44-4D10CA7B11C9}"
EndProject
Global
	GlobalSection(SolutionConfigurationPlatforms) = preSolution
		Debug|Any CPU = Debug|Any CPU
		Release|Any CPU = Release|Any CPU
	EndGlobalSection
	GlobalSection(ProjectConfigurationPlatforms) = postSolution
		{CEE755AE-96CC-4AF1-8D44-4D10CA7B11C9}.Debug|Any CPU.ActiveCfg = Debug|Any CPU
		{CEE755AE-96CC-4AF1-8D44-4D10CA7B11C9}.Debug|Any CPU.Build.0 = Debug|Any CPU
		{CEE755AE-96CC-4AF1-8D44-4D10CA7B11C9}.Release|Any CPU.ActiveCfg = Release|Any CPU
		{CEE755AE-96CC-4AF1-8D44-4D10CA7B11C9}.Release|Any CPU.Build.0 = Release|Any CPU
	EndGlobalSection
	GlobalSection(SolutionProperties) = preSolution
		HideSolutionNode = FALSE
	EndGlobalSection
	GlobalSection(ExtensibilityGlobals) = postSolution
		SolutionGuid = {F078003D-AF07-494B-932F-01B6DE830827}
	EndGlobalSection
EndGlobal
